Microsoft Visual Studio Solution File, Format Version 12.00
# Visual Studio Version 17
VisualStudioVersion = 17.0.31903.59
MinimumVisualStudioVersion = 10.0.40219.1
Project("{FAE04EC0-301F-11D3-BF4B-00C04F79EFBC}") = "UniversityManagement", "src\UniversityManagementSystem.csproj", "{8830B2FB-DEC1-4048-A216-29EFB2BB3E24}"
EndProject
Project("{FAE04EC0-301F-11D3-BF4B-00C04F79EFBC}") = "Lab2.Tests", "Lab2.Tests\Lab2.Tests.csproj", "{B71509CA-449A-44DE-88D1-E29EE4F57524}"
EndProject
Global
	GlobalSection(SolutionConfigurationPlatforms) = preSolution
		Debug|Any CPU = Debug|Any CPU
		Release|Any CPU = Release|Any CPU
	EndGlobalSection
	GlobalSection(SolutionProperties) = preSolution
		HideSolutionNode = FALSE
	EndGlobalSection
	GlobalSection(ProjectConfigurationPlatforms) = postSolution
		{8830B2FB-DEC1-4048-A216-29EFB2BB3E24}.Debug|Any CPU.ActiveCfg = Debug|Any CPU
		{8830B2FB-DEC1-4048-A216-29EFB2BB3E24}.Debug|Any CPU.Build.0 = Debug|Any CPU
		{8830B2FB-DEC1-4048-A216-29EFB2BB3E24}.Release|Any CPU.ActiveCfg = Release|Any CPU
		{8830B2FB-DEC1-4048-A216-29EFB2BB3E24}.Release|Any CPU.Build.0 = Release|Any CPU
		{B71509CA-449A-44DE-88D1-E29EE4F57524}.Debug|Any CPU.ActiveCfg = Debug|Any CPU
		{B71509CA-449A-44DE-88D1-E29EE4F57524}.Debug|Any CPU.Build.0 = Debug|Any CPU
		{B71509CA-449A-44DE-88D1-E29EE4F57524}.Release|Any CPU.ActiveCfg = Release|Any CPU
		{B71509CA-449A-44DE-88D1-E29EE4F57524}.Release|Any CPU.Build.0 = Release|Any CPU
	EndGlobalSection
EndGlobal
